
Microsoft Visual Studio Solution File, Format Version 12.00
# Visual Studio Version 16
VisualStudioVersion = 16.0.30717.126
MinimumVisualStudioVersion = 10.0.40219.1
Project("{FAE04EC0-301F-11D3-BF4B-00C04F79EFBC}") = "MSALApp.Android", "MSALApp\MSALApp.Android\MSALApp.Android.csproj", "{4A441826-E30C-4421-9C8D-AF4ED41EF9A7}"
EndProject
Project("{FAE04EC0-301F-11D3-BF4B-00C04F79EFBC}") = "MSALApp.iOS", "MSALApp\MSALApp.iOS\MSALApp.iOS.csproj", "{89B21A39-DDF7-4643-BAE7-AC1123277412}"
EndProject
Project("{FAE04EC0-301F-11D3-BF4B-00C04F79EFBC}") = "MSALApp", "MSALApp\MSALApp\MSALApp.csproj", "{384F292E-781C-4C0A-8E96-178A3AA506B5}"
EndProject
Global
	GlobalSection(SolutionConfigurationPlatforms) = preSolution
		Debug|Any CPU = Debug|Any CPU
		Debug|iPhone = Debug|iPhone
		Debug|iPhoneSimulator = Debug|iPhoneSimulator
		Release|Any CPU = Release|Any CPU
		Release|iPhone = Release|iPhone
		Release|iPhoneSimulator = Release|iPhoneSimulator
	EndGlobalSection
	GlobalSection(ProjectConfigurationPlatforms) = postSolution
		{4A441826-E30C-4421-9C8D-AF4ED41EF9A7}.Debug|Any CPU.ActiveCfg = Debug|Any CPU
		{4A441826-E30C-4421-9C8D-AF4ED41EF9A7}.Debug|Any CPU.Build.0 = Debug|Any CPU
		{4A441826-E30C-4421-9C8D-AF4ED41EF9A7}.Debug|Any CPU.Deploy.0 = Debug|Any CPU
		{4A441826-E30C-4421-9C8D-AF4ED41EF9A7}.Debug|iPhone.ActiveCfg = Debug|Any CPU
		{4A441826-E30C-4421-9C8D-AF4ED41EF9A7}.Debug|iPhone.Build.0 = Debug|Any CPU
		{4A441826-E30C-4421-9C8D-AF4ED41EF9A7}.Debug|iPhone.Deploy.0 = Debug|Any CPU
		{4A441826-E30C-4421-9C8D-AF4ED41EF9A7}.Debug|iPhoneSimulator.ActiveCfg = Debug|Any CPU
		{4A441826-E30C-4421-9C8D-AF4ED41EF9A7}.Debug|iPhoneSimulator.Build.0 = Debug|Any CPU
		{4A441826-E30C-4421-9C8D-AF4ED41EF9A7}.Debug|iPhoneSimulator.Deploy.0 = Debug|Any CPU
		{4A441826-E30C-4421-9C8D-AF4ED41EF9A7}.Release|Any CPU.ActiveCfg = Release|Any CPU
		{4A441826-E30C-4421-9C8D-AF4ED41EF9A7}.Release|Any CPU.Build.0 = Release|Any CPU
		{4A441826-E30C-4421-9C8D-AF4ED41EF9A7}.Release|Any CPU.Deploy.0 = Release|Any CPU
		{4A441826-E30C-4421-9C8D-AF4ED41EF9A7}.Release|iPhone.ActiveCfg = Release|Any CPU
		{4A441826-E30C-4421-9C8D-AF4ED41EF9A7}.Release|iPhone.Build.0 = Release|Any CPU
		{4A441826-E30C-4421-9C8D-AF4ED41EF9A7}.Release|iPhone.Deploy.0 = Release|Any CPU
		{4A441826-E30C-4421-9C8D-AF4ED41EF9A7}.Release|iPhoneSimulator.ActiveCfg = Release|Any CPU
		{4A441826-E30C-4421-9C8D-AF4ED41EF9A7}.Release|iPhoneSimulator.Build.0 = Release|Any CPU
		{4A441826-E30C-4421-9C8D-AF4ED41EF9A7}.Release|iPhoneSimulator.Deploy.0 = Release|Any CPU
		{89B21A39-DDF7-4643-BAE7-AC1123277412}.Debug|Any CPU.ActiveCfg = Debug|iPhone
		{89B21A39-DDF7-4643-BAE7-AC1123277412}.Debug|Any CPU.Build.0 = Debug|iPhone
		{89B21A39-DDF7-4643-BAE7-AC1123277412}.Debug|Any CPU.Deploy.0 = Debug|iPhone
		{89B21A39-DDF7-4643-BAE7-AC1123277412}.Debug|iPhone.ActiveCfg = Debug|iPhone
		{89B21A39-DDF7-4643-BAE7-AC1123277412}.Debug|iPhone.Build.0 = Debug|iPhone
		{89B21A39-DDF7-4643-BAE7-AC1123277412}.Debug|iPhone.Deploy.0 = Debug|iPhone
		{89B21A39-DDF7-4643-BAE7-AC1123277412}.Debug|iPhoneSimulator.ActiveCfg = Debug|iPhoneSimulator
		{89B21A39-DDF7-4643-BAE7-AC1123277412}.Debug|iPhoneSimulator.Build.0 = Debug|iPhoneSimulator
		{89B21A39-DDF7-4643-BAE7-AC1123277412}.Debug|iPhoneSimulator.Deploy.0 = Debug|iPhoneSimulator
		{89B21A39-DDF7-4643-BAE7-AC1123277412}.Release|Any CPU.ActiveCfg = Release|iPhoneSimulator
		{89B21A39-DDF7-4643-BAE7-AC1123277412}.Release|Any CPU.Build.0 = Release|iPhoneSimulator
		{89B21A39-DDF7-4643-BAE7-AC1123277412}.Release|Any CPU.Deploy.0 = Release|iPhoneSimulator
		{89B21A39-DDF7-4643-BAE7-AC1123277412}.Release|iPhone.ActiveCfg = Release|iPhone
		{89B21A39-DDF7-4643-BAE7-AC1123277412}.Release|iPhone.Build.0 = Release|iPhone
		{89B21A39-DDF7-4643-BAE7-AC1123277412}.Release|iPhone.Deploy.0 = Release|iPhone
		{89B21A39-DDF7-4643-BAE7-AC1123277412}.Release|iPhoneSimulator.ActiveCfg = Release|iPhoneSimulator
		{89B21A39-DDF7-4643-BAE7-AC1123277412}.Release|iPhoneSimulator.Build.0 = Release|iPhoneSimulator
		{89B21A39-DDF7-4643-BAE7-AC1123277412}.Release|iPhoneSimulator.Deploy.0 = Release|iPhoneSimulator
		{384F292E-781C-4C0A-8E96-178A3AA506B5}.Debug|Any CPU.ActiveCfg = Debug|Any CPU
		{384F292E-781C-4C0A-8E96-178A3AA506B5}.Debug|Any CPU.Build.0 = Debug|Any CPU
		{384F292E-781C-4C0A-8E96-178A3AA506B5}.Debug|Any CPU.Deploy.0 = Debug|Any CPU
		{384F292E-781C-4C0A-8E96-178A3AA506B5}.Debug|iPhone.ActiveCfg = Debug|Any CPU
		{384F292E-781C-4C0A-8E96-178A3AA506B5}.Debug|iPhone.Build.0 = Debug|Any CPU
		{384F292E-781C-4C0A-8E96-178A3AA506B5}.Debug|iPhone.Deploy.0 = Debug|Any CPU
		{384F292E-781C-4C0A-8E96-178A3AA506B5}.Debug|iPhoneSimulator.ActiveCfg = Debug|Any CPU
		{384F292E-781C-4C0A-8E96-178A3AA506B5}.Debug|iPhoneSimulator.Build.0 = Debug|Any CPU
		{384F292E-781C-4C0A-8E96-178A3AA506B5}.Debug|iPhoneSimulator.Deploy.0 = Debug|Any CPU
		{384F292E-781C-4C0A-8E96-178A3AA506B5}.Release|Any CPU.ActiveCfg = Release|Any CPU
		{384F292E-781C-4C0A-8E96-178A3AA506B5}.Release|Any CPU.Build.0 = Release|Any CPU
		{384F292E-781C-4C0A-8E96-178A3AA506B5}.Release|Any CPU.Deploy.0 = Release|Any CPU
		{384F292E-781C-4C0A-8E96-178A3AA506B5}.Release|iPhone.ActiveCfg = Release|Any CPU
		{384F292E-781C-4C0A-8E96-178A3AA506B5}.Release|iPhone.Build.0 = Release|Any CPU
		{384F292E-781C-4C0A-8E96-178A3AA506B5}.Release|iPhone.Deploy.0 = Release|Any CPU
		{384F292E-781C-4C0A-8E96-178A3AA506B5}.Release|iPhoneSimulator.ActiveCfg = Release|Any CPU
		{384F292E-781C-4C0A-8E96-178A3AA506B5}.Release|iPhoneSimulator.Build.0 = Release|Any CPU
		{384F292E-781C-4C0A-8E96-178A3AA506B5}.Release|iPhoneSimulator.Deploy.0 = Release|Any CPU
	EndGlobalSection
	GlobalSection(SolutionProperties) = preSolution
		HideSolutionNode = FALSE
	EndGlobalSection
	GlobalSection(ExtensibilityGlobals) = postSolution
		SolutionGuid = {35EBCD05-2AC8-46E9-88CF-620A0150FA71}
	EndGlobalSection
EndGlobal
